<?xml version="1.0" encoding="utf-8"?>
<Project ToolsVersion="4.0" xmlns="http://schemas.microsoft.com/developer/msbuild/2003">
  <ItemGroup>
    <Filter Include="include">
      <UniqueIdentifier>{862dfec7-242d-4b71-9ce4-6e3ebc0178a4}</UniqueIdentifier>
    </Filter>
    <Filter Include="app">
      <UniqueIdentifier>{8af5e60d-fcdd-4dcb-a1bf-0ec25aee6d6f}</UniqueIdentifier>
    </Filter>
    <Filter Include="src">
      <UniqueIdentifier>{9d3e2be1-9e8f-453b-b8d0-144c35ef4509}</UniqueIdentifier>
    </Filter>
    <Filter Include="textures">
      <UniqueIdentifier>{84c9820e-335a-433d-8b34-11c63319b93c}</UniqueIdentifier>
    </Filter>
    <Filter Include="Shaders">
      <UniqueIdentifier>{35d7728d-d2f7-412c-b35f-0a235dadd115}</UniqueIdentifier>
    </Filter>
  </ItemGroup>
  <ItemGroup>
    <ClCompile Include="..\app\main.cpp">
      <Filter>app</Filter>
    </ClCompile>
    <ClCompile Include="..\src\BattleField.cpp">
      <Filter>src</Filter>
    </ClCompile>
    <ClCompile Include="..\src\Camera.cpp">
      <Filter>src</Filter>
    </ClCompile>
    <ClCompile Include="..\src\GameManager.cpp">
      <Filter>src</Filter>
    </ClCompile>
    <ClCompile Include="..\src\SceneObject.cpp">
      <Filter>src</Filter>
    </ClCompile>
    <ClCompile Include="..\src\SpaceShip.cpp">
      <Filter>src</Filter>
    </ClCompile>
    <ClCompile Include="..\src\Enemy.cpp">
      <Filter>src</Filter>
    </ClCompile>
    <ClCompile Include="BMPLoader.cpp">
      <Filter>src</Filter>
    </ClCompile>
    <ClCompile Include="..\src\Weapon.cpp">
      <Filter>src</Filter>
    </ClCompile>
    <ClCompile Include="..\src\Bullets.cpp">
      <Filter>src</Filter>
    </ClCompile>
    <ClCompile Include="..\src\AraragiKoyomiClass.cpp">
      <Filter>src</Filter>
    </ClCompile>
    <ClCompile Include="..\src\ParticlesClass.cpp">
      <Filter>src</Filter>
    </ClCompile>
    <ClCompile Include="..\src\ParticlesEngineClass.cpp">
      <Filter>src</Filter>
    </ClCompile>
    <ClCompile Include="..\src\ShaderTest.cpp">
      <Filter>src</Filter>
    </ClCompile>
    <ClCompile Include="..\src\shader.cpp">
      <Filter>src</Filter>
    </ClCompile>
    <ClCompile Include="..\src\Cube.cpp">
      <Filter>src</Filter>
    </ClCompile>
    <ClCompile Include="..\src\ShaderOne.cpp">
      <Filter>src</Filter>
    </ClCompile>
  </ItemGroup>
  <ItemGroup>
    <ClInclude Include="..\include\BattleField.hpp">
      <Filter>include</Filter>
    </ClInclude>
    <ClInclude Include="..\include\Camera.hpp">
      <Filter>include</Filter>
    </ClInclude>
    <ClInclude Include="..\include\Clock.hpp">
      <Filter>include</Filter>
    </ClInclude>
    <ClInclude Include="..\include\FpsCounter.hpp">
      <Filter>include</Filter>
    </ClInclude>
    <ClInclude Include="..\include\GameManager.hpp">
      <Filter>include</Filter>
    </ClInclude>
    <ClInclude Include="..\include\Input.hpp">
      <Filter>include</Filter>
    </ClInclude>
    <ClInclude Include="..\include\SceneObject.hpp">
      <Filter>include</Filter>
    </ClInclude>
    <ClInclude Include="..\include\SpaceShip.hpp">
      <Filter>include</Filter>
    </ClInclude>
    <ClInclude Include="..\include\Enemy.h">
      <Filter>include</Filter>
    </ClInclude>
    <ClInclude Include="BMPLoader.h">
      <Filter>include</Filter>
    </ClInclude>
    <ClInclude Include="..\include\Weapon.h">
      <Filter>include</Filter>
    </ClInclude>
    <ClInclude Include="..\include\MachineGun.h">
      <Filter>include</Filter>
    </ClInclude>
    <ClInclude Include="..\include\Bullets.h">
      <Filter>include</Filter>
    </ClInclude>
    <ClInclude Include="..\include\AraragiKoyomiClass.h">
      <Filter>include</Filter>
    </ClInclude>
    <ClInclude Include="..\include\ParticlesClass.h">
      <Filter>include</Filter>
    </ClInclude>
    <ClInclude Include="..\include\ParticlesEngineClass.h">
      <Filter>include</Filter>
    </ClInclude>
    <ClInclude Include="..\include\Lazer.h">
      <Filter>include</Filter>
    </ClInclude>
    <ClInclude Include="..\include\ShaderTest.h">
      <Filter>include</Filter>
    </ClInclude>
    <ClInclude Include="..\include\ShaderOne.h">
      <Filter>include</Filter>
    </ClInclude>
  </ItemGroup>
  <ItemGroup>
    <None Include="ClassDiagram.cd" />
    <None Include="..\Shaders\brick.frag">
      <Filter>Shaders</Filter>
    </None>
    <None Include="..\Shaders\brick.vert">
      <Filter>Shaders</Filter>
    </None>
    <None Include="..\Shaders\fixed.frag">
      <Filter>Shaders</Filter>
    </None>
    <None Include="..\Shaders\fixed.vert">
      <Filter>Shaders</Filter>
    </None>
    <None Include="..\Shaders\phong.frag">
      <Filter>Shaders</Filter>
    </None>
    <None Include="..\Shaders\phong.vert">
      <Filter>Shaders</Filter>
    </None>
    <None Include="..\Shaders\red.frag">
      <Filter>Shaders</Filter>
    </None>
    <None Include="..\Shaders\red.vert">
      <Filter>Shaders</Filter>
    </None>
    <None Include="..\Shaders\reflection.frag">
      <Filter>Shaders</Filter>
    </None>
    <None Include="..\Shaders\reflection.vert">
      <Filter>Shaders</Filter>
    </None>
    <None Include="..\Shaders\bfshader.frag">
      <Filter>Shaders</Filter>
    </None>
    <None Include="..\Shaders\bfshader.vert">
      <Filter>Shaders</Filter>
    </None>
  </ItemGroup>
  <ItemGroup>
    <Image Include="..\textures\colormap.bmp">
      <Filter>textures</Filter>
    </Image>
    <Image Include="..\textures\araragi.jpg">
      <Filter>textures</Filter>
    </Image>
  </ItemGroup>
</Project>